{
  "object": {
    "pins": [
      {
        "package": "GoogleAppMeasurement",
        "repositoryURL": "https://github.com/google/GoogleAppMeasurement.git",
        "state": {
          "branch": null,
          "revision": "9b74e6a3f875208c04c22b39b580a21d4de0f4f9",
          "version": "8.14.0"
        }
      },
      {
        "package": "GoogleMobileAds",
        "repositoryURL": "https://github.com/quanghits/GoogleMobileAds.git",
        "state": {
          "branch": null,
          "revision": "ddbb0e7c4c01adb5d0b65ae37fd24c3d86675bb7",
          "version": "9.2.0"
        }
      },
      {
        "package": "GoogleUserMessagingPlatform",
        "repositoryURL": "https://github.com/quanghits/GoogleUserMessagingPlatform.git",
        "state": {
          "branch": null,
          "revision": "f322d91b6b0497b727b228a5fa5b9394e7886d3a",
          "version": "2.0.0"
        }
      },
      {
        "package": "GoogleUtilities",
        "repositoryURL": "https://github.com/google/GoogleUtilities.git",
        "state": {
          "branch": null,
          "revision": "b3bb0c5551fb3f80ca939829639ab5b093edd14f",
          "version": "7.7.0"
        }
      },
      {
        "package": "nanopb",
        "repositoryURL": "https://github.com/firebase/nanopb.git",
        "state": {
          "branch": null,
          "revision": "7ee9ef9f627d85cbe1b8c4f49a3ed26eed216c77",
          "version": "2.30908.0"
        }
      },
      {
        "package": "NativeAdCollectionViewCell",
        "repositoryURL": "https://github.com/trinhxuanminh/NativeAdCollectionViewCell.git",
        "state": {
          "branch": "main",
          "revision": "5f1c7abb01c89eb9919f296a634e6af9833e5720",
          "version": null
        }
      },
      {
        "package": "NativeAdvancedAdCollectionViewCell",
        "repositoryURL": "https://github.com/trinhxuanminh/NativeAdvancedAdCollectionViewCell.git",
        "state": {
          "branch": "main",
          "revision": "4d07b941c408f60599116d97d6404a846e68ea07",
          "version": null
        }
      },
      {
        "package": "NVActivityIndicatorView",
        "repositoryURL": "https://github.com/ninjaprox/NVActivityIndicatorView.git",
        "state": {
          "branch": null,
          "revision": "bcb52371f2259254bac6690f92bb474a61768c47",
          "version": "5.1.1"
        }
      },
      {
        "package": "Promises",
        "repositoryURL": "https://github.com/google/promises.git",
        "state": {
          "branch": null,
          "revision": "611337c330350c9c1823ad6d671e7f936af5ee13",
          "version": "2.0.0"
        }
      }
    ]
  },
  "version": 1
}
